
Microsoft Visual Studio Solution File, Format Version 12.00
# Visual Studio Version 17
VisualStudioVersion = 17.4.33213.308
MinimumVisualStudioVersion = 10.0.40219.1
Project("{FAE04EC0-301F-11D3-BF4B-00C04F79EFBC}") = "notepad-app", "notepad-app\notepad-app.csproj", "{90B5A10D-2EC6-409E-AB0B-42D45D5B0C8B}"
EndProject
Global
	GlobalSection(SolutionConfigurationPlatforms) = preSolution
		Debug|Any CPU = Debug|Any CPU
		Release|Any CPU = Release|Any CPU
	EndGlobalSection
	GlobalSection(ProjectConfigurationPlatforms) = postSolution
		{90B5A10D-2EC6-409E-AB0B-42D45D5B0C8B}.Debug|Any CPU.ActiveCfg = Debug|Any CPU
		{90B5A10D-2EC6-409E-AB0B-42D45D5B0C8B}.Debug|Any CPU.Build.0 = Debug|Any CPU
		{90B5A10D-2EC6-409E-AB0B-42D45D5B0C8B}.Release|Any CPU.ActiveCfg = Release|Any CPU
		{90B5A10D-2EC6-409E-AB0B-42D45D5B0C8B}.Release|Any CPU.Build.0 = Release|Any CPU
	EndGlobalSection
	GlobalSection(SolutionProperties) = preSolution
		HideSolutionNode = FALSE
	EndGlobalSection
	GlobalSection(ExtensibilityGlobals) = postSolution
		SolutionGuid = {A3145F10-91D3-47EE-A023-C6A83A9E893E}
	EndGlobalSection
EndGlobal
